
Microsoft Visual Studio Solution File, Format Version 12.00
# Visual Studio 15
VisualStudioVersion = 15.0.28010.2019
MinimumVisualStudioVersion = 10.0.40219.1
Project("{FAE04EC0-301F-11D3-BF4B-00C04F79EFBC}") = "IT3045C Midterm Exam Fall 2019", "IT3045C Midterm Exam Fall 2019\IT3045C Midterm Exam Fall 2019.csproj", "{A101E0BA-4B88-44AC-921D-2E1AFD28B184}"
EndProject
Global
	GlobalSection(SolutionConfigurationPlatforms) = preSolution
		Debug|Any CPU = Debug|Any CPU
		Release|Any CPU = Release|Any CPU
	EndGlobalSection
	GlobalSection(ProjectConfigurationPlatforms) = postSolution
		{A101E0BA-4B88-44AC-921D-2E1AFD28B184}.Debug|Any CPU.ActiveCfg = Debug|Any CPU
		{A101E0BA-4B88-44AC-921D-2E1AFD28B184}.Debug|Any CPU.Build.0 = Debug|Any CPU
		{A101E0BA-4B88-44AC-921D-2E1AFD28B184}.Release|Any CPU.ActiveCfg = Release|Any CPU
		{A101E0BA-4B88-44AC-921D-2E1AFD28B184}.Release|Any CPU.Build.0 = Release|Any CPU
	EndGlobalSection
	GlobalSection(SolutionProperties) = preSolution
		HideSolutionNode = FALSE
	EndGlobalSection
	GlobalSection(ExtensibilityGlobals) = postSolution
		SolutionGuid = {6D7F0C97-8D07-489F-B852-A6865E19486D}
	EndGlobalSection
EndGlobal
